
Microsoft Visual Studio Solution File, Format Version 12.00
# Visual Studio Version 17
VisualStudioVersion = 17.0.31521.260
MinimumVisualStudioVersion = 10.0.40219.1
Project("{9A19103F-16F7-4668-BE54-9A1E7A4F7556}") = "single_responsibility", "single_responsibility\single_responsibility.csproj", "{5DA42A42-B65D-4CB3-B8EB-857F016883A2}"
EndProject
Project("{9A19103F-16F7-4668-BE54-9A1E7A4F7556}") = "open_closed", "open_closed\open_closed.csproj", "{8C698902-FDE0-4126-9684-065245EF6D38}"
EndProject
Project("{9A19103F-16F7-4668-BE54-9A1E7A4F7556}") = "liskov_substitution", "liskov_substitution\liskov_substitution.csproj", "{F7356C6D-6786-4BDD-9C1C-3950FA8E3BA6}"
EndProject
Project("{9A19103F-16F7-4668-BE54-9A1E7A4F7556}") = "interface_segregation", "interface_segregation\interface_segregation.csproj", "{D3E61E1F-9EC3-4BED-B2A5-AD0588FFB031}"
EndProject
Project("{FAE04EC0-301F-11D3-BF4B-00C04F79EFBC}") = "dependency_inversion", "dependency_inversion\dependency_inversion.csproj", "{20F306DD-0ABA-45A6-8643-085984EBB1AA}"
EndProject
Global
	GlobalSection(SolutionConfigurationPlatforms) = preSolution
		Debug|Any CPU = Debug|Any CPU
		Release|Any CPU = Release|Any CPU
	EndGlobalSection
	GlobalSection(ProjectConfigurationPlatforms) = postSolution
		{5DA42A42-B65D-4CB3-B8EB-857F016883A2}.Debug|Any CPU.ActiveCfg = Debug|Any CPU
		{5DA42A42-B65D-4CB3-B8EB-857F016883A2}.Debug|Any CPU.Build.0 = Debug|Any CPU
		{5DA42A42-B65D-4CB3-B8EB-857F016883A2}.Release|Any CPU.ActiveCfg = Release|Any CPU
		{5DA42A42-B65D-4CB3-B8EB-857F016883A2}.Release|Any CPU.Build.0 = Release|Any CPU
		{8C698902-FDE0-4126-9684-065245EF6D38}.Debug|Any CPU.ActiveCfg = Debug|Any CPU
		{8C698902-FDE0-4126-9684-065245EF6D38}.Debug|Any CPU.Build.0 = Debug|Any CPU
		{8C698902-FDE0-4126-9684-065245EF6D38}.Release|Any CPU.ActiveCfg = Release|Any CPU
		{8C698902-FDE0-4126-9684-065245EF6D38}.Release|Any CPU.Build.0 = Release|Any CPU
		{F7356C6D-6786-4BDD-9C1C-3950FA8E3BA6}.Debug|Any CPU.ActiveCfg = Debug|Any CPU
		{F7356C6D-6786-4BDD-9C1C-3950FA8E3BA6}.Debug|Any CPU.Build.0 = Debug|Any CPU
		{F7356C6D-6786-4BDD-9C1C-3950FA8E3BA6}.Release|Any CPU.ActiveCfg = Release|Any CPU
		{F7356C6D-6786-4BDD-9C1C-3950FA8E3BA6}.Release|Any CPU.Build.0 = Release|Any CPU
		{D3E61E1F-9EC3-4BED-B2A5-AD0588FFB031}.Debug|Any CPU.ActiveCfg = Debug|Any CPU
		{D3E61E1F-9EC3-4BED-B2A5-AD0588FFB031}.Debug|Any CPU.Build.0 = Debug|Any CPU
		{D3E61E1F-9EC3-4BED-B2A5-AD0588FFB031}.Release|Any CPU.ActiveCfg = Release|Any CPU
		{D3E61E1F-9EC3-4BED-B2A5-AD0588FFB031}.Release|Any CPU.Build.0 = Release|Any CPU
		{20F306DD-0ABA-45A6-8643-085984EBB1AA}.Debug|Any CPU.ActiveCfg = Debug|Any CPU
		{20F306DD-0ABA-45A6-8643-085984EBB1AA}.Debug|Any CPU.Build.0 = Debug|Any CPU
		{20F306DD-0ABA-45A6-8643-085984EBB1AA}.Release|Any CPU.ActiveCfg = Release|Any CPU
		{20F306DD-0ABA-45A6-8643-085984EBB1AA}.Release|Any CPU.Build.0 = Release|Any CPU
	EndGlobalSection
	GlobalSection(SolutionProperties) = preSolution
		HideSolutionNode = FALSE
	EndGlobalSection
	GlobalSection(ExtensibilityGlobals) = postSolution
		SolutionGuid = {298CDE78-0DDB-4191-B3C6-5AAC7535B786}
	EndGlobalSection
EndGlobal
